
Microsoft Visual Studio Solution File, Format Version 12.00
# Visual Studio 15
VisualStudioVersion = 15.0.27428.2027
MinimumVisualStudioVersion = 10.0.40219.1
Project("{2150E333-8FDC-42A3-9474-1A3956D46DE8}") = "01", "01", "{B3200390-0BEE-47F7-B465-092ACAF33D96}"
EndProject
Project("{FAE04EC0-301F-11D3-BF4B-00C04F79EFBC}") = "01", "01\01.csproj", "{9722C127-3EA7-4BC5-8AB1-C8A90AD26060}"
EndProject
Global
	GlobalSection(SolutionConfigurationPlatforms) = preSolution
		Debug|Any CPU = Debug|Any CPU
		Release|Any CPU = Release|Any CPU
	EndGlobalSection
	GlobalSection(ProjectConfigurationPlatforms) = postSolution
		{9722C127-3EA7-4BC5-8AB1-C8A90AD26060}.Debug|Any CPU.ActiveCfg = Debug|Any CPU
		{9722C127-3EA7-4BC5-8AB1-C8A90AD26060}.Debug|Any CPU.Build.0 = Debug|Any CPU
		{9722C127-3EA7-4BC5-8AB1-C8A90AD26060}.Release|Any CPU.ActiveCfg = Release|Any CPU
		{9722C127-3EA7-4BC5-8AB1-C8A90AD26060}.Release|Any CPU.Build.0 = Release|Any CPU
	EndGlobalSection
	GlobalSection(SolutionProperties) = preSolution
		HideSolutionNode = FALSE
	EndGlobalSection
	GlobalSection(NestedProjects) = preSolution
		{9722C127-3EA7-4BC5-8AB1-C8A90AD26060} = {B3200390-0BEE-47F7-B465-092ACAF33D96}
	EndGlobalSection
	GlobalSection(ExtensibilityGlobals) = postSolution
		SolutionGuid = {B9855D26-2039-4B63-A955-3786FE6BEA25}
	EndGlobalSection
EndGlobal
